
Microsoft Visual Studio Solution File, Format Version 12.00
# Visual Studio Version 16
VisualStudioVersion = 16.0.31729.503
MinimumVisualStudioVersion = 10.0.40219.1
Project("{FAE04EC0-301F-11D3-BF4B-00C04F79EFBC}") = "RPN", "RPN.csproj", "{B0E77C49-4DD9-4122-AF6B-F8EFB6F913A4}"
EndProject
Global
	GlobalSection(SolutionConfigurationPlatforms) = preSolution
		Debug|Any CPU = Debug|Any CPU
		Release|Any CPU = Release|Any CPU
	EndGlobalSection
	GlobalSection(ProjectConfigurationPlatforms) = postSolution
		{B0E77C49-4DD9-4122-AF6B-F8EFB6F913A4}.Debug|Any CPU.ActiveCfg = Debug|Any CPU
		{B0E77C49-4DD9-4122-AF6B-F8EFB6F913A4}.Debug|Any CPU.Build.0 = Debug|Any CPU
		{B0E77C49-4DD9-4122-AF6B-F8EFB6F913A4}.Release|Any CPU.ActiveCfg = Release|Any CPU
		{B0E77C49-4DD9-4122-AF6B-F8EFB6F913A4}.Release|Any CPU.Build.0 = Release|Any CPU
	EndGlobalSection
	GlobalSection(SolutionProperties) = preSolution
		HideSolutionNode = FALSE
	EndGlobalSection
	GlobalSection(ExtensibilityGlobals) = postSolution
		SolutionGuid = {B488AD1C-36D8-4060-BAAD-28DDFC62BF9B}
	EndGlobalSection
EndGlobal
